
Microsoft Visual Studio Solution File, Format Version 12.00
# Visual Studio Version 17
VisualStudioVersion = 17.7.34024.191
MinimumVisualStudioVersion = 10.0.40219.1
Project("{FAE04EC0-301F-11D3-BF4B-00C04F79EFBC}") = "MovieTickets", "MovieTickets\MovieTickets.csproj", "{5DFC1420-65E9-4BDB-8AB6-ECC7C5477467}"
EndProject
Global
	GlobalSection(SolutionConfigurationPlatforms) = preSolution
		Debug|Any CPU = Debug|Any CPU
		Release|Any CPU = Release|Any CPU
	EndGlobalSection
	GlobalSection(ProjectConfigurationPlatforms) = postSolution
		{5DFC1420-65E9-4BDB-8AB6-ECC7C5477467}.Debug|Any CPU.ActiveCfg = Debug|Any CPU
		{5DFC1420-65E9-4BDB-8AB6-ECC7C5477467}.Debug|Any CPU.Build.0 = Debug|Any CPU
		{5DFC1420-65E9-4BDB-8AB6-ECC7C5477467}.Release|Any CPU.ActiveCfg = Release|Any CPU
		{5DFC1420-65E9-4BDB-8AB6-ECC7C5477467}.Release|Any CPU.Build.0 = Release|Any CPU
	EndGlobalSection
	GlobalSection(SolutionProperties) = preSolution
		HideSolutionNode = FALSE
	EndGlobalSection
	GlobalSection(ExtensibilityGlobals) = postSolution
		SolutionGuid = {378888D1-310E-4F9E-AC7A-2025961DCF0F}
	EndGlobalSection
EndGlobal
